[[package]]
name = "schedule"
version = "1.2.0"
description = "Job scheduling for humans."
category = "main"
optional = false
python-versions = ">=3.7"

[metadata]
lock-version = "1.1"
python-versions = "^3.11"
content-hash = "c8ab7bee2ffcde3ecaea58fd3581cfcd09defdb89f8d22943dc4a158fe1f187f"

[metadata.files]
schedule = []
